
Microsoft Visual Studio Solution File, Format Version 12.00
# Visual Studio Version 16
VisualStudioVersion = 16.0.810.19
MinimumVisualStudioVersion = 10.0.40219.1
Project("{FAE04EC0-301F-11D3-BF4B-00C04F79EFBC}") = "BlazorMatchGame", "BlazorMatchGame\BlazorMatchGame.csproj", "{DDBEE741-7B44-4D95-BD13-FA1EE7AF3C59}"
EndProject
Global
	GlobalSection(SolutionConfigurationPlatforms) = preSolution
		Debug|Any CPU = Debug|Any CPU
		Release|Any CPU = Release|Any CPU
	EndGlobalSection
	GlobalSection(ProjectConfigurationPlatforms) = postSolution
		{DDBEE741-7B44-4D95-BD13-FA1EE7AF3C59}.Debug|Any CPU.ActiveCfg = Debug|Any CPU
		{DDBEE741-7B44-4D95-BD13-FA1EE7AF3C59}.Debug|Any CPU.Build.0 = Debug|Any CPU
		{DDBEE741-7B44-4D95-BD13-FA1EE7AF3C59}.Release|Any CPU.ActiveCfg = Release|Any CPU
		{DDBEE741-7B44-4D95-BD13-FA1EE7AF3C59}.Release|Any CPU.Build.0 = Release|Any CPU
	EndGlobalSection
	GlobalSection(SolutionProperties) = preSolution
		HideSolutionNode = FALSE
	EndGlobalSection
	GlobalSection(ExtensibilityGlobals) = postSolution
		SolutionGuid = {5FE99218-2265-4B80-8F10-7AB364411040}
	EndGlobalSection
EndGlobal
